
Microsoft Visual Studio Solution File, Format Version 12.00
# Visual Studio 15
VisualStudioVersion = 15.0.27428.2027
MinimumVisualStudioVersion = 10.0.40219.1
Project("{FAE04EC0-301F-11D3-BF4B-00C04F79EFBC}") = "Calculator", "Calculator.csproj", "{D4C85E45-266A-4820-B59B-41CB8029194A}"
EndProject
Global
	GlobalSection(SolutionConfigurationPlatforms) = preSolution
		Debug|Any CPU = Debug|Any CPU
		Release|Any CPU = Release|Any CPU
	EndGlobalSection
	GlobalSection(ProjectConfigurationPlatforms) = postSolution
		{D4C85E45-266A-4820-B59B-41CB8029194A}.Debug|Any CPU.ActiveCfg = Debug|Any CPU
		{D4C85E45-266A-4820-B59B-41CB8029194A}.Debug|Any CPU.Build.0 = Debug|Any CPU
		{D4C85E45-266A-4820-B59B-41CB8029194A}.Release|Any CPU.ActiveCfg = Release|Any CPU
		{D4C85E45-266A-4820-B59B-41CB8029194A}.Release|Any CPU.Build.0 = Release|Any CPU
	EndGlobalSection
	GlobalSection(SolutionProperties) = preSolution
		HideSolutionNode = FALSE
	EndGlobalSection
	GlobalSection(ExtensibilityGlobals) = postSolution
		SolutionGuid = {65A54F29-B3BE-412F-A1CD-F08A3AE88991}
	EndGlobalSection
EndGlobal
